
Microsoft Visual Studio Solution File, Format Version 11.00
# Visual Studio 2010
Project("{FAE04EC0-301F-11D3-BF4B-00C04F79EFBC}") = "BraveInteriors", "BraveInteriors\BraveInteriors.csproj", "{00157146-392B-4C01-8C2F-2A4AB9801FFE}"
EndProject
Global
	GlobalSection(SolutionConfigurationPlatforms) = preSolution
		Debug|Any CPU = Debug|Any CPU
		Release|Any CPU = Release|Any CPU
	EndGlobalSection
	GlobalSection(ProjectConfigurationPlatforms) = postSolution
		{00157146-392B-4C01-8C2F-2A4AB9801FFE}.Debug|Any CPU.ActiveCfg = Debug|Any CPU
		{00157146-392B-4C01-8C2F-2A4AB9801FFE}.Debug|Any CPU.Build.0 = Debug|Any CPU
		{00157146-392B-4C01-8C2F-2A4AB9801FFE}.Release|Any CPU.ActiveCfg = Release|Any CPU
		{00157146-392B-4C01-8C2F-2A4AB9801FFE}.Release|Any CPU.Build.0 = Release|Any CPU
	EndGlobalSection
	GlobalSection(SolutionProperties) = preSolution
		HideSolutionNode = FALSE
	EndGlobalSection
EndGlobal
